
Microsoft Visual Studio Solution File, Format Version 12.00
# Visual Studio Version 16
VisualStudioVersion = 16.0.29215.179
MinimumVisualStudioVersion = 10.0.40219.1
Project("{FAE04EC0-301F-11D3-BF4B-00C04F79EFBC}") = "LuckyDip", "LuckyDip\LuckyDip.csproj", "{34B07966-4883-461D-8787-7296F381F56A}"
EndProject
Global
	GlobalSection(SolutionConfigurationPlatforms) = preSolution
		Debug|Any CPU = Debug|Any CPU
		Release|Any CPU = Release|Any CPU
	EndGlobalSection
	GlobalSection(ProjectConfigurationPlatforms) = postSolution
		{34B07966-4883-461D-8787-7296F381F56A}.Debug|Any CPU.ActiveCfg = Debug|Any CPU
		{34B07966-4883-461D-8787-7296F381F56A}.Debug|Any CPU.Build.0 = Debug|Any CPU
		{34B07966-4883-461D-8787-7296F381F56A}.Release|Any CPU.ActiveCfg = Release|Any CPU
		{34B07966-4883-461D-8787-7296F381F56A}.Release|Any CPU.Build.0 = Release|Any CPU
	EndGlobalSection
	GlobalSection(SolutionProperties) = preSolution
		HideSolutionNode = FALSE
	EndGlobalSection
	GlobalSection(ExtensibilityGlobals) = postSolution
		SolutionGuid = {002A193D-33D4-4E11-B475-6FCB426110B0}
	EndGlobalSection
EndGlobal
